
Microsoft Visual Studio Solution File, Format Version 12.00
# Visual Studio Version 17
VisualStudioVersion = 17.8.34330.188
MinimumVisualStudioVersion = 10.0.40219.1
Project("{FAE04EC0-301F-11D3-BF4B-00C04F79EFBC}") = "CGSeabedSecurity", "CGSeabedSecurity\CGSeabedSecurity.csproj", "{50DBDBA0-FD71-4F13-8786-B3F2E4BEA104}"
EndProject
Global
	GlobalSection(SolutionConfigurationPlatforms) = preSolution
		Debug|Any CPU = Debug|Any CPU
		Release|Any CPU = Release|Any CPU
	EndGlobalSection
	GlobalSection(ProjectConfigurationPlatforms) = postSolution
		{50DBDBA0-FD71-4F13-8786-B3F2E4BEA104}.Debug|Any CPU.ActiveCfg = Debug|Any CPU
		{50DBDBA0-FD71-4F13-8786-B3F2E4BEA104}.Debug|Any CPU.Build.0 = Debug|Any CPU
		{50DBDBA0-FD71-4F13-8786-B3F2E4BEA104}.Release|Any CPU.ActiveCfg = Release|Any CPU
		{50DBDBA0-FD71-4F13-8786-B3F2E4BEA104}.Release|Any CPU.Build.0 = Release|Any CPU
	EndGlobalSection
	GlobalSection(SolutionProperties) = preSolution
		HideSolutionNode = FALSE
	EndGlobalSection
	GlobalSection(ExtensibilityGlobals) = postSolution
		SolutionGuid = {80B8EE50-9598-4AE4-9F61-0A670679497A}
	EndGlobalSection
EndGlobal
